
Microsoft Visual Studio Solution File, Format Version 12.00
# Visual Studio Version 16
VisualStudioVersion = 16.0.31112.23
MinimumVisualStudioVersion = 10.0.40219.1
Project("{FAE04EC0-301F-11D3-BF4B-00C04F79EFBC}") = "Business", "Business\Business.csproj", "{C6DCEC55-227D-4C7F-BB8E-14F234C6BE60}"
EndProject
Global
	GlobalSection(SolutionConfigurationPlatforms) = preSolution
		Debug|Any CPU = Debug|Any CPU
		Release|Any CPU = Release|Any CPU
	EndGlobalSection
	GlobalSection(ProjectConfigurationPlatforms) = postSolution
		{C6DCEC55-227D-4C7F-BB8E-14F234C6BE60}.Debug|Any CPU.ActiveCfg = Debug|Any CPU
		{C6DCEC55-227D-4C7F-BB8E-14F234C6BE60}.Debug|Any CPU.Build.0 = Debug|Any CPU
		{C6DCEC55-227D-4C7F-BB8E-14F234C6BE60}.Release|Any CPU.ActiveCfg = Release|Any CPU
		{C6DCEC55-227D-4C7F-BB8E-14F234C6BE60}.Release|Any CPU.Build.0 = Release|Any CPU
	EndGlobalSection
	GlobalSection(SolutionProperties) = preSolution
		HideSolutionNode = FALSE
	EndGlobalSection
	GlobalSection(ExtensibilityGlobals) = postSolution
		SolutionGuid = {AAE46073-3E71-4D49-97C9-68FDCFC21D2A}
	EndGlobalSection
EndGlobal
